
Microsoft Visual Studio Solution File, Format Version 12.00
# Visual Studio Version 17
VisualStudioVersion = 17.9.34616.47
MinimumVisualStudioVersion = 10.0.40219.1
Project("{FAE04EC0-301F-11D3-BF4B-00C04F79EFBC}") = "DalamudKeyUpdater", "DalamudKey Updater\DalamudKeyUpdater.csproj", "{D69806CC-646F-40FA-A0AB-15F3F9E5BFD3}"
EndProject
Global
	GlobalSection(SolutionConfigurationPlatforms) = preSolution
		Debug|Any CPU = Debug|Any CPU
		Release|Any CPU = Release|Any CPU
	EndGlobalSection
	GlobalSection(ProjectConfigurationPlatforms) = postSolution
		{D69806CC-646F-40FA-A0AB-15F3F9E5BFD3}.Debug|Any CPU.ActiveCfg = Debug|Any CPU
		{D69806CC-646F-40FA-A0AB-15F3F9E5BFD3}.Debug|Any CPU.Build.0 = Debug|Any CPU
		{D69806CC-646F-40FA-A0AB-15F3F9E5BFD3}.Release|Any CPU.ActiveCfg = Release|Any CPU
		{D69806CC-646F-40FA-A0AB-15F3F9E5BFD3}.Release|Any CPU.Build.0 = Release|Any CPU
	EndGlobalSection
	GlobalSection(SolutionProperties) = preSolution
		HideSolutionNode = FALSE
	EndGlobalSection
	GlobalSection(ExtensibilityGlobals) = postSolution
		SolutionGuid = {2020CAF8-6A1F-42F7-9B9A-D6B4CC7C68F7}
	EndGlobalSection
EndGlobal
